
Microsoft Visual Studio Solution File, Format Version 12.00
# Visual Studio Version 16
VisualStudioVersion = 16.0.32413.511
MinimumVisualStudioVersion = 10.0.40219.1
Project("{FAE04EC0-301F-11D3-BF4B-00C04F79EFBC}") = "ArithmeticDemo", "ArithmeticDemo\ArithmeticDemo.csproj", "{6A904959-DA6A-48ED-BD7E-9C861B0A5635}"
EndProject
Global
	GlobalSection(SolutionConfigurationPlatforms) = preSolution
		Debug|Any CPU = Debug|Any CPU
		Release|Any CPU = Release|Any CPU
	EndGlobalSection
	GlobalSection(ProjectConfigurationPlatforms) = postSolution
		{6A904959-DA6A-48ED-BD7E-9C861B0A5635}.Debug|Any CPU.ActiveCfg = Debug|Any CPU
		{6A904959-DA6A-48ED-BD7E-9C861B0A5635}.Debug|Any CPU.Build.0 = Debug|Any CPU
		{6A904959-DA6A-48ED-BD7E-9C861B0A5635}.Release|Any CPU.ActiveCfg = Release|Any CPU
		{6A904959-DA6A-48ED-BD7E-9C861B0A5635}.Release|Any CPU.Build.0 = Release|Any CPU
	EndGlobalSection
	GlobalSection(SolutionProperties) = preSolution
		HideSolutionNode = FALSE
	EndGlobalSection
	GlobalSection(ExtensibilityGlobals) = postSolution
		SolutionGuid = {430C85DA-5ADA-4397-9976-FB4873D9DB9C}
	EndGlobalSection
EndGlobal
