
Microsoft Visual Studio Solution File, Format Version 12.00
# Visual Studio Version 17
VisualStudioVersion = 17.10.34916.146
MinimumVisualStudioVersion = 10.0.40219.1
Project("{9A19103F-16F7-4668-BE54-9A1E7A4F7556}") = "Demo.Arithmetic", "Demo.Arithmetic\Demo.Arithmetic.csproj", "{DDF2FCFD-8147-4CA6-BB35-53840ABD8BB5}"
EndProject
Project("{9A19103F-16F7-4668-BE54-9A1E7A4F7556}") = "Demo.Main", "Demo.Main\Demo.Main.csproj", "{E5701808-846C-47D1-B86B-FD6049987A2A}"
EndProject
Project("{9A19103F-16F7-4668-BE54-9A1E7A4F7556}") = "Demo.Ocelot", "Demo.Ocelot\Demo.Ocelot.csproj", "{9D119120-B171-41F1-BB99-94635266FAAA}"
EndProject
Project("{9A19103F-16F7-4668-BE54-9A1E7A4F7556}") = "Demo.Common", "Demo.Common\Demo.Common.csproj", "{35FFA0AC-1558-4BFF-8F1C-9504AD283F50}"
EndProject
Project("{9A19103F-16F7-4668-BE54-9A1E7A4F7556}") = "Demo.WebApi", "Demo.WebApi\Demo.WebApi.csproj", "{0C4D3187-D90D-4DC7-9177-03B48C6E5208}"
EndProject
Project("{FAE04EC0-301F-11D3-BF4B-00C04F79EFBC}") = "Demo.IdentityServer", "Demo.IdentityServer\Demo.IdentityServer.csproj", "{D6EBFD69-3AAA-4899-94E2-919CCBF927FF}"
EndProject
Global
	GlobalSection(SolutionConfigurationPlatforms) = preSolution
		Debug|Any CPU = Debug|Any CPU
		Release|Any CPU = Release|Any CPU
	EndGlobalSection
	GlobalSection(ProjectConfigurationPlatforms) = postSolution
		{DDF2FCFD-8147-4CA6-BB35-53840ABD8BB5}.Debug|Any CPU.ActiveCfg = Debug|Any CPU
		{DDF2FCFD-8147-4CA6-BB35-53840ABD8BB5}.Debug|Any CPU.Build.0 = Debug|Any CPU
		{DDF2FCFD-8147-4CA6-BB35-53840ABD8BB5}.Release|Any CPU.ActiveCfg = Release|Any CPU
		{DDF2FCFD-8147-4CA6-BB35-53840ABD8BB5}.Release|Any CPU.Build.0 = Release|Any CPU
		{E5701808-846C-47D1-B86B-FD6049987A2A}.Debug|Any CPU.ActiveCfg = Debug|Any CPU
		{E5701808-846C-47D1-B86B-FD6049987A2A}.Debug|Any CPU.Build.0 = Debug|Any CPU
		{E5701808-846C-47D1-B86B-FD6049987A2A}.Release|Any CPU.ActiveCfg = Release|Any CPU
		{E5701808-846C-47D1-B86B-FD6049987A2A}.Release|Any CPU.Build.0 = Release|Any CPU
		{9D119120-B171-41F1-BB99-94635266FAAA}.Debug|Any CPU.ActiveCfg = Debug|Any CPU
		{9D119120-B171-41F1-BB99-94635266FAAA}.Debug|Any CPU.Build.0 = Debug|Any CPU
		{9D119120-B171-41F1-BB99-94635266FAAA}.Release|Any CPU.ActiveCfg = Release|Any CPU
		{9D119120-B171-41F1-BB99-94635266FAAA}.Release|Any CPU.Build.0 = Release|Any CPU
		{35FFA0AC-1558-4BFF-8F1C-9504AD283F50}.Debug|Any CPU.ActiveCfg = Debug|Any CPU
		{35FFA0AC-1558-4BFF-8F1C-9504AD283F50}.Debug|Any CPU.Build.0 = Debug|Any CPU
		{35FFA0AC-1558-4BFF-8F1C-9504AD283F50}.Release|Any CPU.ActiveCfg = Release|Any CPU
		{35FFA0AC-1558-4BFF-8F1C-9504AD283F50}.Release|Any CPU.Build.0 = Release|Any CPU
		{0C4D3187-D90D-4DC7-9177-03B48C6E5208}.Debug|Any CPU.ActiveCfg = Debug|Any CPU
		{0C4D3187-D90D-4DC7-9177-03B48C6E5208}.Debug|Any CPU.Build.0 = Debug|Any CPU
		{0C4D3187-D90D-4DC7-9177-03B48C6E5208}.Release|Any CPU.ActiveCfg = Release|Any CPU
		{0C4D3187-D90D-4DC7-9177-03B48C6E5208}.Release|Any CPU.Build.0 = Release|Any CPU
		{D6EBFD69-3AAA-4899-94E2-919CCBF927FF}.Debug|Any CPU.ActiveCfg = Debug|Any CPU
		{D6EBFD69-3AAA-4899-94E2-919CCBF927FF}.Debug|Any CPU.Build.0 = Debug|Any CPU
		{D6EBFD69-3AAA-4899-94E2-919CCBF927FF}.Release|Any CPU.ActiveCfg = Release|Any CPU
		{D6EBFD69-3AAA-4899-94E2-919CCBF927FF}.Release|Any CPU.Build.0 = Release|Any CPU
	EndGlobalSection
	GlobalSection(SolutionProperties) = preSolution
		HideSolutionNode = FALSE
	EndGlobalSection
	GlobalSection(ExtensibilityGlobals) = postSolution
		SolutionGuid = {430C85DA-5ADA-4397-9976-FB4873D9DB9C}
	EndGlobalSection
EndGlobal
